// !$*UTF8*$!
{
	archiveVersion = 1;
	classes = {
	};
	objectVersion = 55;
	objects = {

/* Begin PBXBuildFile section */
		92F8EB4B27F8ABE000832466 /* AppDelegate.swift in Sources */ = {isa = PBXBuildFile; fileRef = 92F8EB4A27F8ABE000832466 /* AppDelegate.swift */; };
		92F8EB4D27F8ABE000832466 /* SceneDelegate.swift in Sources */ = {isa = PBXBuildFile; fileRef = 92F8EB4C27F8ABE000832466 /* SceneDelegate.swift */; };
		92F8EB4F27F8ABE000832466 /* ViewController.swift in Sources */ = {isa = PBXBuildFile; fileRef = 92F8EB4E27F8ABE000832466 /* ViewController.swift */; };
		92F8EB5427F8ABE400832466 /* Assets.xcassets in Resources */ = {isa = PBXBuildFile; fileRef = 92F8EB5327F8ABE400832466 /* Assets.xcassets */; };
		92F8EB5727F8ABE400832466 /* LaunchScreen.storyboard in Resources */ = {isa = PBXBuildFile; fileRef = 92F8EB5527F8ABE400832466 /* LaunchScreen.storyboard */; };
		92F8EB5F27F8ACB000832466 /* TestCollectionVC.swift in Sources */ = {isa = PBXBuildFile; fileRef = 92F8EB5E27F8ACB000832466 /* TestCollectionVC.swift */; };
		92F8EB6327F8B30300832466 /* HeaderClass.swift in Sources */ = {isa = PBXBuildFile; fileRef = 92F8EB6227F8B30300832466 /* HeaderClass.swift */; };
		92F8EB6527F8B82E00832466 /* ContentClass.swift in Sources */ = {isa = PBXBuildFile; fileRef = 92F8EB6427F8B82E00832466 /* ContentClass.swift */; };
		92F8EB6727F8BC3E00832466 /* ListCell.swift in Sources */ = {isa = PBXBuildFile; fileRef = 92F8EB6627F8BC3E00832466 /* ListCell.swift */; };
		92F8EB6927F9E95400832466 /* CollectionLayout.swift in Sources */ = {isa = PBXBuildFile; fileRef = 92F8EB6827F9E95400832466 /* CollectionLayout.swift */; };
		92F8EB6B27FA056C00832466 /* SegmentedList.swift in Sources */ = {isa = PBXBuildFile; fileRef = 92F8EB6A27FA056C00832466 /* SegmentedList.swift */; };
/* End PBXBuildFile section */

/* Begin PBXFileReference section */
		92F8EB4727F8ABE000832466 /* CollectionLayout.app */ = {isa = PBXFileReference; explicitFileType = wrapper.application; includeInIndex = 0; path = CollectionLayout.app; sourceTree = BUILT_PRODUCTS_DIR; };
		92F8EB4A27F8ABE000832466 /* AppDelegate.swift */ = {isa = PBXFileReference; lastKnownFileType = sourcecode.swift; path = AppDelegate.swift; sourceTree = "<group>"; };
		92F8EB4C27F8ABE000832466 /* SceneDelegate.swift */ = {isa = PBXFileReference; lastKnownFileType = sourcecode.swift; path = SceneDelegate.swift; sourceTree = "<group>"; };
		92F8EB4E27F8ABE000832466 /* ViewController.swift */ = {isa = PBXFileReference; lastKnownFileType = sourcecode.swift; path = ViewController.swift; sourceTree = "<group>"; };
		92F8EB5327F8ABE400832466 /* Assets.xcassets */ = {isa = PBXFileReference; lastKnownFileType = folder.assetcatalog; path = Assets.xcassets; sourceTree = "<group>"; };
		92F8EB5627F8ABE400832466 /* Base */ = {isa = PBXFileReference; lastKnownFileType = file.storyboard; name = Base; path = Base.lproj/LaunchScreen.storyboard; sourceTree = "<group>"; };
		92F8EB5827F8ABE400832466 /* Info.plist */ = {isa = PBXFileReference; lastKnownFileType = text.plist.xml; path = Info.plist; sourceTree = "<group>"; };
		92F8EB5E27F8ACB000832466 /* TestCollectionVC.swift */ = {isa = PBXFileReference; lastKnownFileType = sourcecode.swift; path = TestCollectionVC.swift; sourceTree = "<group>"; };
		92F8EB6227F8B30300832466 /* HeaderClass.swift */ = {isa = PBXFileReference; lastKnownFileType = sourcecode.swift; path = HeaderClass.swift; sourceTree = "<group>"; };
		92F8EB6427F8B82E00832466 /* ContentClass.swift */ = {isa = PBXFileReference; lastKnownFileType = sourcecode.swift; path = ContentClass.swift; sourceTree = "<group>"; };
		92F8EB6627F8BC3E00832466 /* ListCell.swift */ = {isa = PBXFileReference; lastKnownFileType = sourcecode.swift; path = ListCell.swift; sourceTree = "<group>"; };
		92F8EB6827F9E95400832466 /* CollectionLayout.swift */ = {isa = PBXFileReference; lastKnownFileType = sourcecode.swift; path = CollectionLayout.swift; sourceTree = "<group>"; };
		92F8EB6A27FA056C00832466 /* SegmentedList.swift */ = {isa = PBXFileReference; lastKnownFileType = sourcecode.swift; path = SegmentedList.swift; sourceTree = "<group>"; };
/* End PBXFileReference section */

/* Begin PBXFrameworksBuildPhase section */
		92F8EB4427F8ABE000832466 /* Frameworks */ = {
			isa = PBXFrameworksBuildPhase;
			buildActionMask = 2147483647;
			files = (
			);
			runOnlyForDeploymentPostprocessing = 0;
		};
/* End PBXFrameworksBuildPhase section */

/* Begin PBXGroup section */
		92F8EB3E27F8ABE000832466 = {
			isa = PBXGroup;
			children = (
				92F8EB4927F8ABE000832466 /* CollectionLayout */,
				92F8EB4827F8ABE000832466 /* Products */,
			);
			sourceTree = "<group>";
		};
		92F8EB4827F8ABE000832466 /* Products */ = {
			isa = PBXGroup;
			children = (
				92F8EB4727F8ABE000832466 /* CollectionLayout.app */,
			);
			name = Products;
			sourceTree = "<group>";
		};
		92F8EB4927F8ABE000832466 /* CollectionLayout */ = {
			isa = PBXGroup;
			children = (
				92F8EB6127F8AE8A00832466 /* Collection */,
				92F8EB4A27F8ABE000832466 /* AppDelegate.swift */,
				92F8EB4C27F8ABE000832466 /* SceneDelegate.swift */,
				92F8EB4E27F8ABE000832466 /* ViewController.swift */,
				92F8EB5327F8ABE400832466 /* Assets.xcassets */,
				92F8EB5527F8ABE400832466 /* LaunchScreen.storyboard */,
				92F8EB5827F8ABE400832466 /* Info.plist */,
			);
			path = CollectionLayout;
			sourceTree = "<group>";
		};
		92F8EB6127F8AE8A00832466 /* Collection */ = {
			isa = PBXGroup;
			children = (
				92F8EB5E27F8ACB000832466 /* TestCollectionVC.swift */,
				92F8EB6227F8B30300832466 /* HeaderClass.swift */,
				92F8EB6427F8B82E00832466 /* ContentClass.swift */,
				92F8EB6627F8BC3E00832466 /* ListCell.swift */,
				92F8EB6827F9E95400832466 /* CollectionLayout.swift */,
				92F8EB6A27FA056C00832466 /* SegmentedList.swift */,
			);
			path = Collection;
			sourceTree = "<group>";
		};
/* End PBXGroup section */

/* Begin PBXNativeTarget section */
		92F8EB4627F8ABE000832466 /* CollectionLayout */ = {
			isa = PBXNativeTarget;
			buildConfigurationList = 92F8EB5B27F8ABE400832466 /* Build configuration list for PBXNativeTarget "CollectionLayout" */;
			buildPhases = (
				92F8EB4327F8ABE000832466 /* Sources */,
				92F8EB4427F8ABE000832466 /* Frameworks */,
				92F8EB4527F8ABE000832466 /* Resources */,
			);
			buildRules = (
			);
			dependencies = (
			);
			name = CollectionLayout;
			productName = CollectionLayout;
			productReference = 92F8EB4727F8ABE000832466 /* CollectionLayout.app */;
			productType = "com.apple.product-type.application";
		};
/* End PBXNativeTarget section */

/* Begin PBXProject section */
		92F8EB3F27F8ABE000832466 /* Project object */ = {
			isa = PBXProject;
			attributes = {
				BuildIndependentTargetsInParallel = 1;
				LastSwiftUpdateCheck = 1320;
				LastUpgradeCheck = 1320;
				TargetAttributes = {
					92F8EB4627F8ABE000832466 = {
						CreatedOnToolsVersion = 13.2.1;
					};
				};
			};
			buildConfigurationList = 92F8EB4227F8ABE000832466 /* Build configuration list for PBXProject "CollectionLayout" */;
			compatibilityVersion = "Xcode 13.0";
			developmentRegion = en;
			hasScannedForEncodings = 0;
			knownRegions = (
				en,
				Base,
			);
			mainGroup = 92F8EB3E27F8ABE000832466;
			productRefGroup = 92F8EB4827F8ABE000832466 /* Products */;
			projectDirPath = "";
			projectRoot = "";
			targets = (
				92F8EB4627F8ABE000832466 /* CollectionLayout */,
			);
		};
/* End PBXProject section */

/* Begin PBXResourcesBuildPhase section */
		92F8EB4527F8ABE000832466 /* Resources */ = {
			isa = PBXResourcesBuildPhase;
			buildActionMask = 2147483647;
			files = (
				92F8EB5727F8ABE400832466 /* LaunchScreen.storyboard in Resources */,
				92F8EB5427F8ABE400832466 /* Assets.xcassets in Resources */,
			);
			runOnlyForDeploymentPostprocessing = 0;
		};
/* End PBXResourcesBuildPhase section */

/* Begin PBXSourcesBuildPhase section */
		92F8EB4327F8ABE000832466 /* Sources */ = {
			isa = PBXSourcesBuildPhase;
			buildActionMask = 2147483647;
			files = (
				92F8EB4F27F8ABE000832466 /* ViewController.swift in Sources */,
				92F8EB4B27F8ABE000832466 /* AppDelegate.swift in Sources */,
				92F8EB6B27FA056C00832466 /* SegmentedList.swift in Sources */,
				92F8EB6327F8B30300832466 /* HeaderClass.swift in Sources */,
				92F8EB6927F9E95400832466 /* CollectionLayout.swift in Sources */,
				92F8EB6727F8BC3E00832466 /* ListCell.swift in Sources */,
				92F8EB5F27F8ACB000832466 /* TestCollectionVC.swift in Sources */,
				92F8EB6527F8B82E00832466 /* ContentClass.swift in Sources */,
				92F8EB4D27F8ABE000832466 /* SceneDelegate.swift in Sources */,
			);
			runOnlyForDeploymentPostprocessing = 0;
		};
/* End PBXSourcesBuildPhase section */

/* Begin PBXVariantGroup section */
		92F8EB5527F8ABE400832466 /* LaunchScreen.storyboard */ = {
			isa = PBXVariantGroup;
			children = (
				92F8EB5627F8ABE400832466 /* Base */,
			);
			name = LaunchScreen.storyboard;
			sourceTree = "<group>";
		};
/* End PBXVariantGroup section */

/* Begin XCBuildConfiguration section */
		92F8EB5927F8ABE400832466 /* Debug */ = {
			isa = XCBuildConfiguration;
			buildSettings = {
				ALWAYS_SEARCH_USER_PATHS = NO;
				CLANG_ANALYZER_NONNULL = YES;
				CLANG_ANALYZER_NUMBER_OBJECT_CONVERSION = YES_AGGRESSIVE;
				CLANG_CXX_LANGUAGE_STANDARD = "gnu++17";
				CLANG_CXX_LIBRARY = "libc++";
				CLANG_ENABLE_MODULES = YES;
				CLANG_ENABLE_OBJC_ARC = YES;
				CLANG_ENABLE_OBJC_WEAK = YES;
				CLANG_WARN_BLOCK_CAPTURE_AUTORELEASING = YES;
				CLANG_WARN_BOOL_CONVERSION = YES;
				CLANG_WARN_COMMA = YES;
				CLANG_WARN_CONSTANT_CONVERSION = YES;
				CLANG_WARN_DEPRECATED_OBJC_IMPLEMENTATIONS = YES;
				CLANG_WARN_DIRECT_OBJC_ISA_USAGE = YES_ERROR;
				CLANG_WARN_DOCUMENTATION_COMMENTS = YES;
				CLANG_WARN_EMPTY_BODY = YES;
				CLANG_WARN_ENUM_CONVERSION = YES;
				CLANG_WARN_INFINITE_RECURSION = YES;
				CLANG_WARN_INT_CONVERSION = YES;
				CLANG_WARN_NON_LITERAL_NULL_CONVERSION = YES;
				CLANG_WARN_OBJC_IMPLICIT_RETAIN_SELF = YES;
				CLANG_WARN_OBJC_LITERAL_CONVERSION = YES;
				CLANG_WARN_OBJC_ROOT_CLASS = YES_ERROR;
				CLANG_WARN_QUOTED_INCLUDE_IN_FRAMEWORK_HEADER = YES;
				CLANG_WARN_RANGE_LOOP_ANALYSIS = YES;
				CLANG_WARN_STRICT_PROTOTYPES = YES;
				CLANG_WARN_SUSPICIOUS_MOVE = YES;
				CLANG_WARN_UNGUARDED_AVAILABILITY = YES_AGGRESSIVE;
				CLANG_WARN_UNREACHABLE_CODE = YES;
				CLANG_WARN__DUPLICATE_METHOD_MATCH = YES;
				COPY_PHASE_STRIP = NO;
				DEBUG_INFORMATION_FORMAT = dwarf;
				ENABLE_STRICT_OBJC_MSGSEND = YES;
				ENABLE_TESTABILITY = YES;
				GCC_C_LANGUAGE_STANDARD = gnu11;
				GCC_DYNAMIC_NO_PIC = NO;
				GCC_NO_COMMON_BLOCKS = YES;
				GCC_OPTIMIZATION_LEVEL = 0;
				GCC_PREPROCESSOR_DEFINITIONS = (
					"DEBUG=1",
					"$(inherited)",
				);
				GCC_WARN_64_TO_32_BIT_CONVERSION = YES;
				GCC_WARN_ABOUT_RETURN_TYPE = YES_ERROR;
				GCC_WARN_UNDECLARED_SELECTOR = YES;
				GCC_WARN_UNINITIALIZED_AUTOS = YES_AGGRESSIVE;
				GCC_WARN_UNUSED_FUNCTION = YES;
				GCC_WARN_UNUSED_VARIABLE = YES;
				IPHONEOS_DEPLOYMENT_TARGET = 15.2;
				MTL_ENABLE_DEBUG_INFO = INCLUDE_SOURCE;
				MTL_FAST_MATH = YES;
				ONLY_ACTIVE_ARCH = YES;
				SDKROOT = iphoneos;
				SWIFT_ACTIVE_COMPILATION_CONDITIONS = DEBUG;
				SWIFT_OPTIMIZATION_LEVEL = "-Onone";
			};
			name = Debug;
		};
		92F8EB5A27F8ABE400832466 /* Release */ = {
			isa = XCBuildConfiguration;
			buildSettings = {
				ALWAYS_SEARCH_USER_PATHS = NO;
				CLANG_ANALYZER_NONNULL = YES;
				CLANG_ANALYZER_NUMBER_OBJECT_CONVERSION = YES_AGGRESSIVE;
				CLANG_CXX_LANGUAGE_STANDARD = "gnu++17";
				CLANG_CXX_LIBRARY = "libc++";
				CLANG_ENABLE_MODULES = YES;
				CLANG_ENABLE_OBJC_ARC = YES;
				CLANG_ENABLE_OBJC_WEAK = YES;
				CLANG_WARN_BLOCK_CAPTURE_AUTORELEASING = YES;
				CLANG_WARN_BOOL_CONVERSION = YES;
				CLANG_WARN_COMMA = YES;
				CLANG_WARN_CONSTANT_CONVERSION = YES;
				CLANG_WARN_DEPRECATED_OBJC_IMPLEMENTATIONS = YES;
				CLANG_WARN_DIRECT_OBJC_ISA_USAGE = YES_ERROR;
				CLANG_WARN_DOCUMENTATION_COMMENTS = YES;
				CLANG_WARN_EMPTY_BODY = YES;
				CLANG_WARN_ENUM_CONVERSION = YES;
				CLANG_WARN_INFINITE_RECURSION = YES;
				CLANG_WARN_INT_CONVERSION = YES;
				CLANG_WARN_NON_LITERAL_NULL_CONVERSION = YES;
				CLANG_WARN_OBJC_IMPLICIT_RETAIN_SELF = YES;
				CLANG_WARN_OBJC_LITERAL_CONVERSION = YES;
				CLANG_WARN_OBJC_ROOT_CLASS = YES_ERROR;
				CLANG_WARN_QUOTED_INCLUDE_IN_FRAMEWORK_HEADER = YES;
				CLANG_WARN_RANGE_LOOP_ANALYSIS = YES;
				CLANG_WARN_STRICT_PROTOTYPES = YES;
				CLANG_WARN_SUSPICIOUS_MOVE = YES;
				CLANG_WARN_UNGUARDED_AVAILABILITY = YES_AGGRESSIVE;
				CLANG_WARN_UNREACHABLE_CODE = YES;
				CLANG_WARN__DUPLICATE_METHOD_MATCH = YES;
				COPY_PHASE_STRIP = NO;
				DEBUG_INFORMATION_FORMAT = "dwarf-with-dsym";
				ENABLE_NS_ASSERTIONS = NO;
				ENABLE_STRICT_OBJC_MSGSEND = YES;
				GCC_C_LANGUAGE_STANDARD = gnu11;
				GCC_NO_COMMON_BLOCKS = YES;
				GCC_WARN_64_TO_32_BIT_CONVERSION = YES;
				GCC_WARN_ABOUT_RETURN_TYPE = YES_ERROR;
				GCC_WARN_UNDECLARED_SELECTOR = YES;
				GCC_WARN_UNINITIALIZED_AUTOS = YES_AGGRESSIVE;
				GCC_WARN_UNUSED_FUNCTION = YES;
				GCC_WARN_UNUSED_VARIABLE = YES;
				IPHONEOS_DEPLOYMENT_TARGET = 15.2;
				MTL_ENABLE_DEBUG_INFO = NO;
				MTL_FAST_MATH = YES;
				SDKROOT = iphoneos;
				SWIFT_COMPILATION_MODE = wholemodule;
				SWIFT_OPTIMIZATION_LEVEL = "-O";
				VALIDATE_PRODUCT = YES;
			};
			name = Release;
		};
		92F8EB5C27F8ABE400832466 /* Debug */ = {
			isa = XCBuildConfiguration;
			buildSettings = {
				ASSETCATALOG_COMPILER_APPICON_NAME = AppIcon;
				ASSETCATALOG_COMPILER_GLOBAL_ACCENT_COLOR_NAME = AccentColor;
				CODE_SIGN_STYLE = Automatic;
				CURRENT_PROJECT_VERSION = 1;
				DEVELOPMENT_TEAM = WPQ9HAVPNV;
				GENERATE_INFOPLIST_FILE = YES;
				INFOPLIST_FILE = CollectionLayout/Info.plist;
				INFOPLIST_KEY_NSMainNibFile = Main;
				INFOPLIST_KEY_UIApplicationSupportsIndirectInputEvents = YES;
				INFOPLIST_KEY_UILaunchStoryboardName = LaunchScreen;
				INFOPLIST_KEY_UISupportedInterfaceOrientations_iPad = "UIInterfaceOrientationPortrait UIInterfaceOrientationPortraitUpsideDown UIInterfaceOrientationLandscapeLeft UIInterfaceOrientationLandscapeRight";
				INFOPLIST_KEY_UISupportedInterfaceOrientations_iPhone = "UIInterfaceOrientationPortrait UIInterfaceOrientationLandscapeLeft UIInterfaceOrientationLandscapeRight";
				LD_RUNPATH_SEARCH_PATHS = (
					"$(inherited)",
					"@executable_path/Frameworks",
				);
				MARKETING_VERSION = 1.0;
				PRODUCT_BUNDLE_IDENTIFIER = inx.CollectionLayout;
				PRODUCT_NAME = "$(TARGET_NAME)";
				SWIFT_EMIT_LOC_STRINGS = YES;
				SWIFT_VERSION = 5.0;
				TARGETED_DEVICE_FAMILY = "1,2";
			};
			name = Debug;
		};
		92F8EB5D27F8ABE400832466 /* Release */ = {
			isa = XCBuildConfiguration;
			buildSettings = {
				ASSETCATALOG_COMPILER_APPICON_NAME = AppIcon;
				ASSETCATALOG_COMPILER_GLOBAL_ACCENT_COLOR_NAME = AccentColor;
				CODE_SIGN_STYLE = Automatic;
				CURRENT_PROJECT_VERSION = 1;
				DEVELOPMENT_TEAM = WPQ9HAVPNV;
				GENERATE_INFOPLIST_FILE = YES;
				INFOPLIST_FILE = CollectionLayout/Info.plist;
				INFOPLIST_KEY_NSMainNibFile = Main;
				INFOPLIST_KEY_UIApplicationSupportsIndirectInputEvents = YES;
				INFOPLIST_KEY_UILaunchStoryboardName = LaunchScreen;
				INFOPLIST_KEY_UISupportedInterfaceOrientations_iPad = "UIInterfaceOrientationPortrait UIInterfaceOrientationPortraitUpsideDown UIInterfaceOrientationLandscapeLeft UIInterfaceOrientationLandscapeRight";
				INFOPLIST_KEY_UISupportedInterfaceOrientations_iPhone = "UIInterfaceOrientationPortrait UIInterfaceOrientationLandscapeLeft UIInterfaceOrientationLandscapeRight";
				LD_RUNPATH_SEARCH_PATHS = (
					"$(inherited)",
					"@executable_path/Frameworks",
				);
				MARKETING_VERSION = 1.0;
				PRODUCT_BUNDLE_IDENTIFIER = inx.CollectionLayout;
				PRODUCT_NAME = "$(TARGET_NAME)";
				SWIFT_EMIT_LOC_STRINGS = YES;
				SWIFT_VERSION = 5.0;
				TARGETED_DEVICE_FAMILY = "1,2";
			};
			name = Release;
		};
/* End XCBuildConfiguration section */

/* Begin XCConfigurationList section */
		92F8EB4227F8ABE000832466 /* Build configuration list for PBXProject "CollectionLayout" */ = {
			isa = XCConfigurationList;
			buildConfigurations = (
				92F8EB5927F8ABE400832466 /* Debug */,
				92F8EB5A27F8ABE400832466 /* Release */,
			);
			defaultConfigurationIsVisible = 0;
			defaultConfigurationName = Release;
		};
		92F8EB5B27F8ABE400832466 /* Build configuration list for PBXNativeTarget "CollectionLayout" */ = {
			isa = XCConfigurationList;
			buildConfigurations = (
				92F8EB5C27F8ABE400832466 /* Debug */,
				92F8EB5D27F8ABE400832466 /* Release */,
			);
			defaultConfigurationIsVisible = 0;
			defaultConfigurationName = Release;
		};
/* End XCConfigurationList section */
	};
	rootObject = 92F8EB3F27F8ABE000832466 /* Project object */;
}
